Microsoft Visual Studio Solution File, Format Version 11.00
# Visual Studio 2008

Project("{D9CE1056-2227-B2FE-D58C-72D7600C20E6}") = "3541Lab4", "Assembly-CSharp.csproj", "{561A0ACC-0E0D-5D00-AB0E-895D251034EC}"
EndProject
Global
	GlobalSection(SolutionConfigurationPlatforms) = preSolution
		Debug|Any CPU = Debug|Any CPU
		Release|Any CPU = Release|Any CPU
	EndGlobalSection
	GlobalSection(ProjectConfigurationPlatforms) = postSolution
		{561A0ACC-0E0D-5D00-AB0E-895D251034EC}.Debug|Any CPU.ActiveCfg = Debug|Any CPU
		{561A0ACC-0E0D-5D00-AB0E-895D251034EC}.Debug|Any CPU.Build.0 = Debug|Any CPU
		{561A0ACC-0E0D-5D00-AB0E-895D251034EC}.Release|Any CPU.ActiveCfg = Release|Any CPU
		{561A0ACC-0E0D-5D00-AB0E-895D251034EC}.Release|Any CPU.Build.0 = Release|Any CPU
	EndGlobalSection
	GlobalSection(SolutionProperties) = preSolution
		HideSolutionNode = FALSE
	EndGlobalSection
	GlobalSection(MonoDevelopProperties) = preSolution
		StartupItem = Assembly-CSharp.csproj
	EndGlobalSection
EndGlobal
